
Microsoft Visual Studio Solution File, Format Version 12.00
# Visual Studio 15
VisualStudioVersion = 15.0.28307.1169
MinimumVisualStudioVersion = 10.0.40219.1
Project("{FAE04EC0-301F-11D3-BF4B-00C04F79EFBC}") = "MongoDbCSharpDriver", "MongoDbCSharpDriver\MongoDbCSharpDriver.csproj", "{66B7AE35-7D9B-4231-AA36-C00D21FD4AF4}"
EndProject
Global
	GlobalSection(SolutionConfigurationPlatforms) = preSolution
		Debug|Any CPU = Debug|Any CPU
		Release|Any CPU = Release|Any CPU
	EndGlobalSection
	GlobalSection(ProjectConfigurationPlatforms) = postSolution
		{66B7AE35-7D9B-4231-AA36-C00D21FD4AF4}.Debug|Any CPU.ActiveCfg = Debug|Any CPU
		{66B7AE35-7D9B-4231-AA36-C00D21FD4AF4}.Debug|Any CPU.Build.0 = Debug|Any CPU
		{66B7AE35-7D9B-4231-AA36-C00D21FD4AF4}.Release|Any CPU.ActiveCfg = Release|Any CPU
		{66B7AE35-7D9B-4231-AA36-C00D21FD4AF4}.Release|Any CPU.Build.0 = Release|Any CPU
	EndGlobalSection
	GlobalSection(SolutionProperties) = preSolution
		HideSolutionNode = FALSE
	EndGlobalSection
	GlobalSection(ExtensibilityGlobals) = postSolution
		SolutionGuid = {B546222C-F1E7-4D76-B667-6FD7543A309F}
	EndGlobalSection
EndGlobal
